
Microsoft Visual Studio Solution File, Format Version 12.00
# Visual Studio Version 18
VisualStudioVersion = 18.2.11415.280 d18.0
MinimumVisualStudioVersion = 10.0.40219.1
Project("{FAE04EC0-301F-11D3-BF4B-00C04F79EFBC}") = "Gradebook.Tests", "Gradebook.Tests.csproj", "{A148600A-3D79-07BB-7B10-BDF79FCD55DA}"
EndProject
Global
	GlobalSection(SolutionConfigurationPlatforms) = preSolution
		Debug|Any CPU = Debug|Any CPU
		Release|Any CPU = Release|Any CPU
	EndGlobalSection
	GlobalSection(ProjectConfigurationPlatforms) = postSolution
		{A148600A-3D79-07BB-7B10-BDF79FCD55DA}.Debug|Any CPU.ActiveCfg = Debug|Any CPU
		{A148600A-3D79-07BB-7B10-BDF79FCD55DA}.Debug|Any CPU.Build.0 = Debug|Any CPU
		{A148600A-3D79-07BB-7B10-BDF79FCD55DA}.Release|Any CPU.ActiveCfg = Release|Any CPU
		{A148600A-3D79-07BB-7B10-BDF79FCD55DA}.Release|Any CPU.Build.0 = Release|Any CPU
	EndGlobalSection
	GlobalSection(SolutionProperties) = preSolution
		HideSolutionNode = FALSE
	EndGlobalSection
	GlobalSection(ExtensibilityGlobals) = postSolution
		SolutionGuid = {9420E5E6-D508-4E02-B670-FD9684BEA0B1}
	EndGlobalSection
EndGlobal
